
Microsoft Visual Studio Solution File, Format Version 12.00
# Visual Studio Version 17
VisualStudioVersion = 17.3.32901.215
MinimumVisualStudioVersion = 10.0.40219.1
Project("{FAE04EC0-301F-11D3-BF4B-00C04F79EFBC}") = "InternetShop", "InternetShop\InternetShop.csproj", "{FF6BC364-0988-4125-8535-B81A36B10A9D}"
EndProject
Global
	GlobalSection(SolutionConfigurationPlatforms) = preSolution
		Debug|Any CPU = Debug|Any CPU
		Release|Any CPU = Release|Any CPU
	EndGlobalSection
	GlobalSection(ProjectConfigurationPlatforms) = postSolution
		{FF6BC364-0988-4125-8535-B81A36B10A9D}.Debug|Any CPU.ActiveCfg = Debug|Any CPU
		{FF6BC364-0988-4125-8535-B81A36B10A9D}.Debug|Any CPU.Build.0 = Debug|Any CPU
		{FF6BC364-0988-4125-8535-B81A36B10A9D}.Release|Any CPU.ActiveCfg = Release|Any CPU
		{FF6BC364-0988-4125-8535-B81A36B10A9D}.Release|Any CPU.Build.0 = Release|Any CPU
	EndGlobalSection
	GlobalSection(SolutionProperties) = preSolution
		HideSolutionNode = FALSE
	EndGlobalSection
	GlobalSection(ExtensibilityGlobals) = postSolution
		SolutionGuid = {B4DACAC0-7BBA-409E-9321-0C0B42DA0B4B}
	EndGlobalSection
EndGlobal
